{
  "originHash" : "3da509c9433746a661218be3a80e7d7fa1a8e776553b73920b19849eb3ccafe9",
  "pins" : [
    {
      "identity" : "green-tokens-ios",
      "kind" : "remoteSourceControl",
      "location" : "https://github.com/seb-oss/green-tokens-ios",
      "state" : {
        "revision" : "44022f4d362af84e684fec70a2544ced152a8108",
        "version" : "0.0.4"
      }
    }
  ],
  "version" : 3
}
